
Microsoft Visual Studio Solution File, Format Version 12.00
# Visual Studio Version 16
VisualStudioVersion = 16.0.31005.135
MinimumVisualStudioVersion = 10.0.40219.1
Project("{FAE04EC0-301F-11D3-BF4B-00C04F79EFBC}") = "project", "project\project.csproj", "{053D05D7-0D30-46BF-9892-FED5996B5DD8}"
EndProject
Global
	GlobalSection(SolutionConfigurationPlatforms) = preSolution
		Debug|Any CPU = Debug|Any CPU
		Release|Any CPU = Release|Any CPU
	EndGlobalSection
	GlobalSection(ProjectConfigurationPlatforms) = postSolution
		{053D05D7-0D30-46BF-9892-FED5996B5DD8}.Debug|Any CPU.ActiveCfg = Debug|Any CPU
		{053D05D7-0D30-46BF-9892-FED5996B5DD8}.Debug|Any CPU.Build.0 = Debug|Any CPU
		{053D05D7-0D30-46BF-9892-FED5996B5DD8}.Release|Any CPU.ActiveCfg = Release|Any CPU
		{053D05D7-0D30-46BF-9892-FED5996B5DD8}.Release|Any CPU.Build.0 = Release|Any CPU
	EndGlobalSection
	GlobalSection(SolutionProperties) = preSolution
		HideSolutionNode = FALSE
	EndGlobalSection
	GlobalSection(ExtensibilityGlobals) = postSolution
		SolutionGuid = {FC9FCB58-54DE-4444-8D1C-609DBE89ECB1}
	EndGlobalSection
EndGlobal
